
Microsoft Visual Studio Solution File, Format Version 12.00
# Visual Studio Version 17
VisualStudioVersion = 17.2.32519.379
MinimumVisualStudioVersion = 10.0.40219.1
Project("{FAE04EC0-301F-11D3-BF4B-00C04F79EFBC}") = "CrushonCase", "CrushonCase\CrushonCase.csproj", "{BBCA82DD-F5BD-43B6-973D-470502C5F12D}"
EndProject
Global
	GlobalSection(SolutionConfigurationPlatforms) = preSolution
		Debug|Any CPU = Debug|Any CPU
		Release|Any CPU = Release|Any CPU
	EndGlobalSection
	GlobalSection(ProjectConfigurationPlatforms) = postSolution
		{BBCA82DD-F5BD-43B6-973D-470502C5F12D}.Debug|Any CPU.ActiveCfg = Debug|Any CPU
		{BBCA82DD-F5BD-43B6-973D-470502C5F12D}.Debug|Any CPU.Build.0 = Debug|Any CPU
		{BBCA82DD-F5BD-43B6-973D-470502C5F12D}.Release|Any CPU.ActiveCfg = Release|Any CPU
		{BBCA82DD-F5BD-43B6-973D-470502C5F12D}.Release|Any CPU.Build.0 = Release|Any CPU
	EndGlobalSection
	GlobalSection(SolutionProperties) = preSolution
		HideSolutionNode = FALSE
	EndGlobalSection
	GlobalSection(ExtensibilityGlobals) = postSolution
		SolutionGuid = {32510BB6-F0BC-4693-8333-087F670411E7}
	EndGlobalSection
EndGlobal
